
Microsoft Visual Studio Solution File, Format Version 12.00
# Visual Studio Version 17
Project("{8BC9CEB8-8B4A-11D0-8D11-00A0C91BC942}") = "cstrike", "cstrike\cstrike.vcxproj", "{DAC639DD-46A6-B878-4FBE-434FBB1C1FDA}"
EndProject
Global
	GlobalSection(SolutionConfigurationPlatforms) = preSolution
		Debug|x64 = Debug|x64
		Release|x64 = Release|x64
	EndGlobalSection
	GlobalSection(ProjectConfigurationPlatforms) = postSolution
		{DAC639DD-46A6-B878-4FBE-434FBB1C1FDA}.Debug|x64.ActiveCfg = Debug|x64
		{DAC639DD-46A6-B878-4FBE-434FBB1C1FDA}.Debug|x64.Build.0 = Debug|x64
		{DAC639DD-46A6-B878-4FBE-434FBB1C1FDA}.Release|x64.ActiveCfg = Release|x64
		{DAC639DD-46A6-B878-4FBE-434FBB1C1FDA}.Release|x64.Build.0 = Release|x64
	EndGlobalSection
	GlobalSection(SolutionProperties) = preSolution
		HideSolutionNode = FALSE
	EndGlobalSection
EndGlobal
